{
  "nodes": {
    "cv": {
      "inputs": {
        "flake-parts": [
          "flake-parts"
        ],
        "nixpkgs": [
          "nixpkgs"
        ],
        "systems": [
          "systems"
        ]
      },
      "locked": {
        "dirtyRev": "bf7230e8e64653de815c4790a3a4f25408063901-dirty",
        "dirtyShortRev": "bf7230e-dirty",
        "lastModified": 1789849275,
        "narHash": "sha256-2FIQtthqkUgqTjpt7OLuLRnYEp1GPGiQ2hIUQ8/kmGk=",
        "type": "git",
        "url": "file:///home/rika/Programming/curriculum-vitae"
      },
      "original": {
        "type": "git",
        "url": "file:///home/rika/Programming/curriculum-vitae"
      }
    },
    "cv-data": {
      "inputs": {
        "flake-parts": [
          "flake-parts"
        ],
        "nixpkgs": [
          "nixpkgs"
        ],
        "resume-template": "resume-template",
        "systems": [
          "systems"
        ]
      },
      "locked": {
        "dirtyRev": "f1bd9ea9ebf6484330462bc463559f81109b1d55-dirty",
        "dirtyShortRev": "f1bd9ea-dirty",
        "lastModified": 1789801906,
        "narHash": "sha256-avN59DeeiFIlTGrO6CxhXKAOxQ/cjieyQgO58BeQ5Bk=",
        "type": "git",
        "url": "file:///home/rika/Programming/cv-data"
      },
      "original": {
        "type": "git",
        "url": "file:///home/rika/Programming/cv-data"
      }
    },
    "flake-parts": {
      "inputs": {
        "nixpkgs-lib": "nixpkgs-lib"
      },
      "locked": {
        "lastModified": 1787559586,
        "narHash": "sha256-onL0VLf9vPllmT0H/OlURIU5r5t5WIEl7t4tVNKT0Nw=",
        "owner": "hercules-ci",
        "repo": "flake-parts",
        "rev": "9d0d87172c374f89da73c1cfe6d81ae62feac1f1",
        "type": "github"
      },
      "original": {
        "owner": "hercules-ci",
        "repo": "flake-parts",
        "type": "github"
      }
    },
    "nixpkgs": {
      "locked": {
        "lastModified": 1787498568,
        "narHash": "sha256-9i/VTdusq/+NM/tz+J1Re+ojkMB8MBf0QshnYfzHz30=",
        "owner": "NixOS",
        "repo": "nixpkgs",
        "rev": "56c02bc00adcf003215cc4bd996d6efaf4cff188",
        "type": "github"
      },
      "original": {
        "owner": "NixOS",
        "ref": "nixos-unstable",
        "repo": "nixpkgs",
        "type": "github"
      }
    },
    "nixpkgs-lib": {
      "locked": {
        "lastModified": 1785031560,
        "narHash": "sha256-OmshNvn2vupOFpYinLUu+1Dnpu4n7Q5N3ggGVNHpkUI=",
        "owner": "nix-community",
        "repo": "nixpkgs.lib",
        "rev": "0e79af5e3d4dcfcd676ab5ba3f95d2e3352e078c",
        "type": "github"
      },
      "original": {
        "owner": "nix-community",
        "repo": "nixpkgs.lib",
        "type": "github"
      }
    },
    "resume-template": {
      "inputs": {
        "flake-parts": [
          "cv-data",
          "flake-parts"
        ],
        "nixpkgs": [
          "cv-data",
          "nixpkgs"
        ],
        "systems": [
          "cv-data",
          "systems"
        ]
      },
      "locked": {
        "dirtyRev": "bf7230e8e64653de815c4790a3a4f25408063901-dirty",
        "dirtyShortRev": "bf7230e-dirty",
        "lastModified": 1789849275,
        "narHash": "sha256-2FIQtthqkUgqTjpt7OLuLRnYEp1GPGiQ2hIUQ8/kmGk=",
        "type": "git",
        "url": "file:///home/rika/Programming/curriculum-vitae"
      },
      "original": {
        "type": "git",
        "url": "file:///home/rika/Programming/curriculum-vitae"
      }
    },
    "root": {
      "inputs": {
        "cv": "cv",
        "cv-data": "cv-data",
        "flake-parts": "flake-parts",
        "nixpkgs": "nixpkgs",
        "systems": "systems"
      }
    },
    "systems": {
      "locked": {
        "lastModified": 1681028828,
        "narHash": "sha256-Vy1rq5AaRuLzOxct8nz4T6wlgyUR7zLU309k9mBC768=",
        "owner": "nix-systems",
        "repo": "default",
        "rev": "da67096a3b9bf56a91d16901293e51ba5b49a27e",
        "type": "github"
      },
      "original": {
        "owner": "nix-systems",
        "repo": "default",
        "type": "github"
      }
    }
  },
  "root": "root",
  "version": 7
}
